# This file is automatically @generated by Cargo.
# It is not intended for manual editing.
version = 4

[[package]]
name = "gns"
version = "0.1.0"
dependencies = [
 "gns-sys",
]

[[package]]
name = "gns-sys"
version = "0.1.0"

[[package]]
name = "json"
version = "0.1.0"

[[package]]
name = "mp-installer"
version = "0.1.0"

[[package]]
name = "mp-proto"
version = "0.1.0"
dependencies = [
 "json",
]

[[package]]
name = "mp-relay"
version = "0.1.0"
dependencies = [
 "gns",
 "json",
 "mp-proto",
]

[[package]]
name = "mp-signal"
version = "0.1.0"
